
Microsoft Visual Studio Solution File, Format Version 12.00
# Visual Studio 15
VisualStudioVersion = 15.0.28307.1169
MinimumVisualStudioVersion = 10.0.40219.1
Project("{8BC9CEB8-8B4A-11D0-8D11-00A0C91BC942}") = "bai3", "bai3\bai3.vcxproj", "{3BBFF25C-B0E8-4429-8B0C-53BB729C32F1}"
EndProject
Global
	GlobalSection(SolutionConfigurationPlatforms) = preSolution
		Debug|x64 = Debug|x64
		Debug|x86 = Debug|x86
		Release|x64 = Release|x64
		Release|x86 = Release|x86
	EndGlobalSection
	GlobalSection(ProjectConfigurationPlatforms) = postSolution
		{3BBFF25C-B0E8-4429-8B0C-53BB729C32F1}.Debug|x64.ActiveCfg = Debug|x64
		{3BBFF25C-B0E8-4429-8B0C-53BB729C32F1}.Debug|x64.Build.0 = Debug|x64
		{3BBFF25C-B0E8-4429-8B0C-53BB729C32F1}.Debug|x86.ActiveCfg = Debug|Win32
		{3BBFF25C-B0E8-4429-8B0C-53BB729C32F1}.Debug|x86.Build.0 = Debug|Win32
		{3BBFF25C-B0E8-4429-8B0C-53BB729C32F1}.Release|x64.ActiveCfg = Release|x64
		{3BBFF25C-B0E8-4429-8B0C-53BB729C32F1}.Release|x64.Build.0 = Release|x64
		{3BBFF25C-B0E8-4429-8B0C-53BB729C32F1}.Release|x86.ActiveCfg = Release|Win32
		{3BBFF25C-B0E8-4429-8B0C-53BB729C32F1}.Release|x86.Build.0 = Release|Win32
	EndGlobalSection
	GlobalSection(SolutionProperties) = preSolution
		HideSolutionNode = FALSE
	EndGlobalSection
	GlobalSection(ExtensibilityGlobals) = postSolution
		SolutionGuid = {A6659A99-38F0-4DA3-96E0-E43D48CA9A4A}
	EndGlobalSection
EndGlobal
